
Microsoft Visual Studio Solution File, Format Version 12.00
# Visual Studio Version 17
VisualStudioVersion = 17.13.35931.197 d17.13
MinimumVisualStudioVersion = 10.0.40219.1
Project("{FAE04EC0-301F-11D3-BF4B-00C04F79EFBC}") = "ProyectoHeibryl", "ProyectoHeibryl.csproj", "{934B6A5D-CFE3-4B8A-A2E7-D71CFC1FC60B}"
EndProject
Global
	GlobalSection(SolutionConfigurationPlatforms) = preSolution
		Debug|Any CPU = Debug|Any CPU
		Release|Any CPU = Release|Any CPU
	EndGlobalSection
	GlobalSection(ProjectConfigurationPlatforms) = postSolution
		{934B6A5D-CFE3-4B8A-A2E7-D71CFC1FC60B}.Debug|Any CPU.ActiveCfg = Debug|Any CPU
		{934B6A5D-CFE3-4B8A-A2E7-D71CFC1FC60B}.Debug|Any CPU.Build.0 = Debug|Any CPU
		{934B6A5D-CFE3-4B8A-A2E7-D71CFC1FC60B}.Release|Any CPU.ActiveCfg = Release|Any CPU
		{934B6A5D-CFE3-4B8A-A2E7-D71CFC1FC60B}.Release|Any CPU.Build.0 = Release|Any CPU
	EndGlobalSection
	GlobalSection(SolutionProperties) = preSolution
		HideSolutionNode = FALSE
	EndGlobalSection
	GlobalSection(ExtensibilityGlobals) = postSolution
		SolutionGuid = {856354C1-9EDF-40F1-B0B1-015C061D38CF}
	EndGlobalSection
EndGlobal
